
Microsoft Visual Studio Solution File, Format Version 12.00
# Visual Studio 15
VisualStudioVersion = 15.0.27703.2047
MinimumVisualStudioVersion = 10.0.40219.1
Project("{F184B08F-C81C-45F6-A57F-5ABD9991F28F}") = "Number Frequency", "Number Frequency\Number Frequency.vbproj", "{49BF4DFE-096B-4127-A6B3-006F06FB5A20}"
EndProject
Global
	GlobalSection(SolutionConfigurationPlatforms) = preSolution
		Debug|Any CPU = Debug|Any CPU
		Release|Any CPU = Release|Any CPU
	EndGlobalSection
	GlobalSection(ProjectConfigurationPlatforms) = postSolution
		{49BF4DFE-096B-4127-A6B3-006F06FB5A20}.Debug|Any CPU.ActiveCfg = Debug|Any CPU
		{49BF4DFE-096B-4127-A6B3-006F06FB5A20}.Debug|Any CPU.Build.0 = Debug|Any CPU
		{49BF4DFE-096B-4127-A6B3-006F06FB5A20}.Release|Any CPU.ActiveCfg = Release|Any CPU
		{49BF4DFE-096B-4127-A6B3-006F06FB5A20}.Release|Any CPU.Build.0 = Release|Any CPU
	EndGlobalSection
	GlobalSection(SolutionProperties) = preSolution
		HideSolutionNode = FALSE
	EndGlobalSection
	GlobalSection(ExtensibilityGlobals) = postSolution
		SolutionGuid = {359E4630-C0F6-4169-B9CB-78187740F3FF}
	EndGlobalSection
EndGlobal
